
Microsoft Visual Studio Solution File, Format Version 12.00
# Visual Studio 2010
Project("{2150E333-8FDC-42A3-9474-1A3956D46DE8}") = "SuggestedPractices", "SuggestedPractices", "{7CD61D4B-698A-47B0-8662-085AE83C4089}"
EndProject
Project("{2150E333-8FDC-42A3-9474-1A3956D46DE8}") = "Labs", "Labs", "{E9431944-661F-4CCC-A14D-848EEF0F05B2}"
EndProject
Project("{2150E333-8FDC-42A3-9474-1A3956D46DE8}") = "Data", "Data", "{58A3C940-5E0A-446F-B260-5E8E4B8F0573}"
EndProject
Project("{2150E333-8FDC-42A3-9474-1A3956D46DE8}") = "Practices", "Practices", "{C20BF0CA-0363-4327-B407-A0BEAAEEC268}"
EndProject
Project("{E24C65DC-7377-472B-9ABA-BC803B73C61A}") = "C1L2Exercise1", "C1L2Exercise1\", "{56BD5D16-6BD7-413D-857B-3634ACD6E131}"
	ProjectSection(WebsiteProperties) = preProject
		TargetFrameworkMoniker = ".NETFramework,Version%3Dv4.0"
		Debug.AspNetCompiler.VirtualPath = "/C1L2Exercise1"
		Debug.AspNetCompiler.PhysicalPath = "C1L2Exercise1\"
		Debug.AspNetCompiler.TargetPath = "PrecompiledWeb\C1L2Exercise1\"
		Debug.AspNetCompiler.Updateable = "true"
		Debug.AspNetCompiler.ForceOverwrite = "true"
		Debug.AspNetCompiler.FixedNames = "false"
		Debug.AspNetCompiler.Debug = "True"
		Release.AspNetCompiler.VirtualPath = "/C1L2Exercise1"
		Release.AspNetCompiler.PhysicalPath = "C1L2Exercise1\"
		Release.AspNetCompiler.TargetPath = "PrecompiledWeb\C1L2Exercise1\"
		Release.AspNetCompiler.Updateable = "true"
		Release.AspNetCompiler.ForceOverwrite = "true"
		Release.AspNetCompiler.FixedNames = "false"
		Release.AspNetCompiler.Debug = "False"
		VWDPort = "39058"
		DefaultWebSiteLanguage = "Visual Basic"
		StartServerOnDebug = "false"
	EndProjectSection
EndProject
Project("{E24C65DC-7377-472B-9ABA-BC803B73C61A}") = "C2L1Exercise1", "C2L1Exercise1\", "{DDE06CD1-E338-4F24-9EE1-5882EC8BFF45}"
	ProjectSection(WebsiteProperties) = preProject
		TargetFrameworkMoniker = ".NETFramework,Version%3Dv4.0"
		Debug.AspNetCompiler.VirtualPath = "/C2L1Exercise1"
		Debug.AspNetCompiler.PhysicalPath = "C2L1Exercise1\"
		Debug.AspNetCompiler.TargetPath = "PrecompiledWeb\C2L1Exercise1\"
		Debug.AspNetCompiler.Updateable = "true"
		Debug.AspNetCompiler.ForceOverwrite = "true"
		Debug.AspNetCompiler.FixedNames = "false"
		Debug.AspNetCompiler.Debug = "True"
		Release.AspNetCompiler.VirtualPath = "/C2L1Exercise1"
		Release.AspNetCompiler.PhysicalPath = "C2L1Exercise1\"
		Release.AspNetCompiler.TargetPath = "PrecompiledWeb\C2L1Exercise1\"
		Release.AspNetCompiler.Updateable = "true"
		Release.AspNetCompiler.ForceOverwrite = "true"
		Release.AspNetCompiler.FixedNames = "false"
		Release.AspNetCompiler.Debug = "False"
		VWDPort = "54058"
		DefaultWebSiteLanguage = "Visual C#"
		StartServerOnDebug = "false"
	EndProjectSection
EndProject
Project("{FAE04EC0-301F-11D3-BF4B-00C04F79EFBC}") = "C2L1Exercise1WebApplication", "C2L1Exercise1WebApplication\C2L1Exercise1WebApplication.csproj", "{5854856C-1DDA-4A7F-A0A9-A78E28C202FC}"
EndProject
Project("{FAE04EC0-301F-11D3-BF4B-00C04F79EFBC}") = "C2L2Exercise1WebApplication", "C2L2Exercise1WebApplication\C2L2Exercise1WebApplication.csproj", "{1ABA1700-92E4-4E7C-A94B-AFF1EBDE09A2}"
EndProject
Project("{FAE04EC0-301F-11D3-BF4B-00C04F79EFBC}") = "C2L3Exercise1WebApplication", "C2L3Exercise1WebApplication\C2L3Exercise1WebApplication.csproj", "{1590904C-A5B4-430D-A3D7-4F0DD0112208}"
EndProject
Project("{FAE04EC0-301F-11D3-BF4B-00C04F79EFBC}") = "C3L1Exercise1WebApplication", "C3L1Exercise1WebApplication\C3L1Exercise1WebApplication.csproj", "{D56CC769-5C25-458F-87F7-52DA26D4EB51}"
EndProject
Project("{FAE04EC0-301F-11D3-BF4B-00C04F79EFBC}") = "C3L2Exercise1WebApplication", "C3L2Exercise1WebApplication\C3L2Exercise1WebApplication.csproj", "{C964CCB3-4DF7-448A-9479-1837A6C6920E}"
EndProject
Project("{FAE04EC0-301F-11D3-BF4B-00C04F79EFBC}") = "C3L3Exercise1WebApplication", "C3L3Exercise1WebApplication\C3L3Exercise1WebApplication.csproj", "{1437B23C-891B-4B51-BB6C-04E27B880505}"
EndProject
Project("{FAE04EC0-301F-11D3-BF4B-00C04F79EFBC}") = "C4L1Exercise1WebApplication", "C4L1Exercise1WebApplication\C4L1Exercise1WebApplication.csproj", "{A2B17BD8-FC40-4DBD-9190-BAC6D967018D}"
EndProject
Project("{FAE04EC0-301F-11D3-BF4B-00C04F79EFBC}") = "C4L2Exercise1WebApplication", "C4L2Exercise1WebApplication\C4L2Exercise1WebApplication.csproj", "{2D820E88-7DC7-4B0E-AA56-34E9CF4462AA}"
EndProject
Project("{FAE04EC0-301F-11D3-BF4B-00C04F79EFBC}") = "WebAPI-Practice-Mvc4Application", "WebAPI-Practice-Mvc4Application\WebAPI-Practice-Mvc4Application.csproj", "{9D0F235B-BF4C-48FA-B04E-8C709384A474}"
EndProject
Project("{FAE04EC0-301F-11D3-BF4B-00C04F79EFBC}") = "C5L2Exercise1WebApplication", "C5L2Exercise1WebApplication\C5L2Exercise1WebApplication.csproj", "{02444FDC-B6FF-43F4-8224-04828B5FA7DD}"
EndProject
Project("{2150E333-8FDC-42A3-9474-1A3956D46DE8}") = "C5L2Exercise1", "C5L2Exercise1", "{4AD1431B-4FD9-4721-9870-9312A650119F}"
EndProject
Project("{E24C65DC-7377-472B-9ABA-BC803B73C61A}") = "Chapter5-Lesson2-Exercise1-Completed-CS", "Chapter5-Lesson2-Exercise1-Completed-CS\", "{ABF075F4-3ADF-403C-9ACA-421DC61FDEDA}"
	ProjectSection(WebsiteProperties) = preProject
		TargetFrameworkMoniker = ".NETFramework,Version%3Dv4.0"
		Debug.AspNetCompiler.VirtualPath = "/Chapter5-Lesson2-Exercise1-Completed-CS"
		Debug.AspNetCompiler.PhysicalPath = "Chapter5-Lesson2-Exercise1-Completed-CS\"
		Debug.AspNetCompiler.TargetPath = "PrecompiledWeb\Chapter5-Lesson2-Exercise1-Completed-CS\"
		Debug.AspNetCompiler.Updateable = "true"
		Debug.AspNetCompiler.ForceOverwrite = "true"
		Debug.AspNetCompiler.FixedNames = "false"
		Debug.AspNetCompiler.Debug = "True"
		Release.AspNetCompiler.VirtualPath = "/Chapter5-Lesson2-Exercise1-Completed-CS"
		Release.AspNetCompiler.PhysicalPath = "Chapter5-Lesson2-Exercise1-Completed-CS\"
		Release.AspNetCompiler.TargetPath = "PrecompiledWeb\Chapter5-Lesson2-Exercise1-Completed-CS\"
		Release.AspNetCompiler.Updateable = "true"
		Release.AspNetCompiler.ForceOverwrite = "true"
		Release.AspNetCompiler.FixedNames = "false"
		Release.AspNetCompiler.Debug = "False"
		VWDPort = "59686"
		StartServerOnDebug = "false"
	EndProjectSection
EndProject
Project("{FAE04EC0-301F-11D3-BF4B-00C04F79EFBC}") = "C6L1Exercise1WebApplication", "C6L1ExerciseWebApplication\C6L1Exercise1WebApplication.csproj", "{28748F35-8CD3-49A8-92D9-D0C61594BE4C}"
EndProject
Project("{FAE04EC0-301F-11D3-BF4B-00C04F79EFBC}") = "C7L1Exercise1WebApplication", "C7L1Exercise1WebApplication\C7L1Exercise1WebApplication.csproj", "{AB578E69-249B-42EF-8B61-A7284CB05B62}"
EndProject
Project("{FAE04EC0-301F-11D3-BF4B-00C04F79EFBC}") = "C7L2Exercise1WebApplication", "C7L2Exercise1WebApplication\C7L2Exercise1WebApplication.csproj", "{20570EEB-FDF9-405D-AA90-5DA5F9E4F21A}"
EndProject
Project("{2150E333-8FDC-42A3-9474-1A3956D46DE8}") = "C7L2Exercise1", "C7L2Exercise1", "{FC15441D-9014-4A79-9F83-7AC8D1BD1334}"
EndProject
Project("{FAE04EC0-301F-11D3-BF4B-00C04F79EFBC}") = "C7L2Exercise1ServerControl", "C7L2Exercise1ServerControl\C7L2Exercise1ServerControl.csproj", "{7E6D2B49-F56E-4519-9F35-66951D8FD0B9}"
EndProject
Project("{FAE04EC0-301F-11D3-BF4B-00C04F79EFBC}") = "C8L1Exercise1WebApplication", "C8L1Exercise1WebApplication\C8L1Exercise1WebApplication.csproj", "{1036D845-9D6C-469D-A4F9-6F94ED270956}"
EndProject
Project("{FAE04EC0-301F-11D3-BF4B-00C04F79EFBC}") = "C8L2Exercise1WebApplication", "C8L2Exercise1WebApplication\C8L2Exercise1WebApplication.csproj", "{D8E02ABE-9633-4A45-9842-9A76DD60A3B2}"
EndProject
Project("{E24C65DC-7377-472B-9ABA-BC803B73C61A}") = "C8L3Exercise1WebSite", "C8L3Exercise1WebSite\", "{9B540FD5-F642-40AA-ABB1-9CAC988A2680}"
	ProjectSection(WebsiteProperties) = preProject
		TargetFrameworkMoniker = ".NETFramework,Version%3Dv4.0"
		Debug.AspNetCompiler.VirtualPath = "/C8L3Exercise1WebSite"
		Debug.AspNetCompiler.PhysicalPath = "C8L3Exercise1WebSite\"
		Debug.AspNetCompiler.TargetPath = "PrecompiledWeb\C8L3Exercise1WebSite\"
		Debug.AspNetCompiler.Updateable = "true"
		Debug.AspNetCompiler.ForceOverwrite = "true"
		Debug.AspNetCompiler.FixedNames = "false"
		Debug.AspNetCompiler.Debug = "True"
		Release.AspNetCompiler.VirtualPath = "/C8L3Exercise1WebSite"
		Release.AspNetCompiler.PhysicalPath = "C8L3Exercise1WebSite\"
		Release.AspNetCompiler.TargetPath = "PrecompiledWeb\C8L3Exercise1WebSite\"
		Release.AspNetCompiler.Updateable = "true"
		Release.AspNetCompiler.ForceOverwrite = "true"
		Release.AspNetCompiler.FixedNames = "false"
		Release.AspNetCompiler.Debug = "False"
		VWDPort = "50209"
		DefaultWebSiteLanguage = "Visual C#"
		StartServerOnDebug = "false"
	EndProjectSection
EndProject
Project("{2150E333-8FDC-42A3-9474-1A3956D46DE8}") = "C8L3Exercise1", "C8L3Exercise1", "{0C7792AF-9E82-4BEB-B38A-360C4A59FCE4}"
EndProject
Project("{54435603-DBB4-11D2-8724-00A0C9A8B90C}") = "MyWebSetup", "MyWebSetup\MyWebSetup.vdproj", "{7C6BB0B3-CE5D-44C9-BE6C-102EF5259E62}"
EndProject
Project("{2150E333-8FDC-42A3-9474-1A3956D46DE8}") = "C9L1Exercise1", "C9L1Exercise1", "{4906F0EC-F8EA-4BFC-A389-8F7FC533E389}"
EndProject
Project("{FAE04EC0-301F-11D3-BF4B-00C04F79EFBC}") = "C9L1Exercise1WebApplication", "C9L1Exercise1WebApplication\C9L1Exercise1WebApplication.csproj", "{1FFD608E-5683-4BD2-9647-9856CD846F89}"
EndProject
Project("{2150E333-8FDC-42A3-9474-1A3956D46DE8}") = "C9L2Practices", "C9L2Practices", "{51D7B105-C043-4CCB-BE07-B314F0157184}"
EndProject
Project("{FAE04EC0-301F-11D3-BF4B-00C04F79EFBC}") = "C9L2P1Exercise1WebApplication", "C9L2P1Exercise1WebApplication\C9L2P1Exercise1WebApplication.csproj", "{2A86233A-2988-4E82-A6BE-FA7B027EABB7}"
EndProject
Project("{FAE04EC0-301F-11D3-BF4B-00C04F79EFBC}") = "DropDownMenuExampleWebApplication", "DropDownMenuExampleWebApplication\DropDownMenuExampleWebApplication.csproj", "{0D8292A2-D9DF-4CF1-A117-35332E86C925}"
EndProject
Project("{FAE04EC0-301F-11D3-BF4B-00C04F79EFBC}") = "JQueryExamplesWebApplication", "JQueryExamplesWebApplication\JQueryExamplesWebApplication.csproj", "{BC2EA814-DEFA-4D11-A4E4-BC66EB5F634E}"
EndProject
Project("{FAE04EC0-301F-11D3-BF4B-00C04F79EFBC}") = "C9L2P2WebApplication", "C9L2P2WebApplication\C9L2P2WebApplication.csproj", "{5E269798-259E-4C53-9D72-391702617A10}"
EndProject
Project("{FAE04EC0-301F-11D3-BF4B-00C04F79EFBC}") = "C9L2P3WebApplication", "C9L2P3WebApplication\C9L2P3WebApplication.csproj", "{0CDAE59F-D5DF-4E98-B19A-5308C724FBFE}"
EndProject
Project("{FAE04EC0-301F-11D3-BF4B-00C04F79EFBC}") = "C9L2P3ClassLibrary", "C9L2P3ClassLibrary\C9L2P3ClassLibrary.csproj", "{061D3568-DF89-43F1-BC68-E361B228E002}"
EndProject
Project("{FAE04EC0-301F-11D3-BF4B-00C04F79EFBC}") = "C9L3Exercise1WebApplication", "C9L3Exercise1WebApplication\C9L3Exercise1WebApplication.csproj", "{5AE9E79C-A7EA-4A7F-8567-3FB194C1EE11}"
EndProject
Project("{FAE04EC0-301F-11D3-BF4B-00C04F79EFBC}") = "C10L1Exercise1WebApplication", "C10L1Exercise1WebApplication\C10L1Exercise1WebApplication.csproj", "{B9E650D6-E4E6-4C6B-871F-1587CE968D10}"
EndProject
Project("{FAE04EC0-301F-11D3-BF4B-00C04F79EFBC}") = "C10L2Exercise1WebApplication", "WebApplication\C10L2Exercise1WebApplication.csproj", "{2E071013-0C00-4157-8FF0-A2DFB815A6E6}"
EndProject
Project("{2150E333-8FDC-42A3-9474-1A3956D46DE8}") = "C10L2Practice", "C10L2Practice", "{8C160CA4-F9F5-404A-961F-B9C416C4AA17}"
EndProject
Project("{FAE04EC0-301F-11D3-BF4B-00C04F79EFBC}") = "C10L2Exercise2WebApplication", "C10L2Exercise2WebApplication\C10L2Exercise2WebApplication.csproj", "{2AB6A321-B78D-48AC-815F-CFC148591EA7}"
	ProjectSection(ProjectDependencies) = postProject
		{2E071013-0C00-4157-8FF0-A2DFB815A6E6} = {2E071013-0C00-4157-8FF0-A2DFB815A6E6}
	EndProjectSection
EndProject
Project("{2150E333-8FDC-42A3-9474-1A3956D46DE8}") = "C10L3Practice", "C10L3Practice", "{A3409C7B-0CDC-4B8E-B0C9-EABBA5897269}"
EndProject
Project("{FAE04EC0-301F-11D3-BF4B-00C04F79EFBC}") = "C10L3Exercise1WebApplication", "C10L3Exercise1WebApplication\C10L3Exercise1WebApplication.csproj", "{48853133-221C-4E66-A4E1-212661404BAC}"
EndProject
Project("{FAE04EC0-301F-11D3-BF4B-00C04F79EFBC}") = "C10L3Exercise2WebApplication", "C10L3Exercise2WebApplication\C10L3Exercise2WebApplication.csproj", "{71D8528E-BC44-4A79-9756-01A5BED53034}"
	ProjectSection(ProjectDependencies) = postProject
		{48853133-221C-4E66-A4E1-212661404BAC} = {48853133-221C-4E66-A4E1-212661404BAC}
	EndProjectSection
EndProject
Project("{FAE04EC0-301F-11D3-BF4B-00C04F79EFBC}") = "C11L1Exercise1WebApplication", "C11L1Exercise1WebApplication\C11L1Exercise1WebApplication.csproj", "{4890755B-F915-483C-BE7A-A12AF1F3D238}"
EndProject
Project("{2150E333-8FDC-42A3-9474-1A3956D46DE8}") = "C11L1Exercise", "C11L1Exercise", "{3F457149-5CA2-427E-973E-AB9DA223DC8D}"
EndProject
Project("{E24C65DC-7377-472B-9ABA-BC803B73C61A}") = "C11L1Exercise1WebSite", "C11L1Exercise1WebSite\", "{77A1B42E-3DBF-4110-8B3C-9731AFFAF3DA}"
	ProjectSection(WebsiteProperties) = preProject
		TargetFrameworkMoniker = ".NETFramework,Version%3Dv4.0"
		Debug.AspNetCompiler.VirtualPath = "/C11L1Exercise1WebSite"
		Debug.AspNetCompiler.PhysicalPath = "C11L1Exercise1WebSite\"
		Debug.AspNetCompiler.TargetPath = "PrecompiledWeb\C11L1Exercise1WebSite\"
		Debug.AspNetCompiler.Updateable = "true"
		Debug.AspNetCompiler.ForceOverwrite = "true"
		Debug.AspNetCompiler.FixedNames = "false"
		Debug.AspNetCompiler.Debug = "True"
		Release.AspNetCompiler.VirtualPath = "/C11L1Exercise1WebSite"
		Release.AspNetCompiler.PhysicalPath = "C11L1Exercise1WebSite\"
		Release.AspNetCompiler.TargetPath = "PrecompiledWeb\C11L1Exercise1WebSite\"
		Release.AspNetCompiler.Updateable = "true"
		Release.AspNetCompiler.ForceOverwrite = "true"
		Release.AspNetCompiler.FixedNames = "false"
		Release.AspNetCompiler.Debug = "False"
		VWDPort = "49867"
		DefaultWebSiteLanguage = "Visual C#"
		StartServerOnDebug = "false"
	EndProjectSection
EndProject
Project("{FAE04EC0-301F-11D3-BF4B-00C04F79EFBC}") = "C11L2Exercise1WebApplication", "C11L2Exercise1WebApplication\C11L2Exercise1WebApplication.csproj", "{9D5A57CB-EB1D-4A02-A47F-37D9106ED34B}"
EndProject
Project("{FAE04EC0-301F-11D3-BF4B-00C04F79EFBC}") = "CustomFormsAuthWebApplication", "CustomFormsAuthWebApplication\CustomFormsAuthWebApplication.csproj", "{66D8FF1E-A384-4E47-ADA7-92BA5DFF19EA}"
EndProject
Global
	GlobalSection(SolutionConfigurationPlatforms) = preSolution
		Debug|Any CPU = Debug|Any CPU
		Release|Any CPU = Release|Any CPU
	EndGlobalSection
	GlobalSection(ProjectConfigurationPlatforms) = postSolution
		{56BD5D16-6BD7-413D-857B-3634ACD6E131}.Debug|Any CPU.ActiveCfg = Debug|Any CPU
		{56BD5D16-6BD7-413D-857B-3634ACD6E131}.Debug|Any CPU.Build.0 = Debug|Any CPU
		{56BD5D16-6BD7-413D-857B-3634ACD6E131}.Release|Any CPU.ActiveCfg = Debug|Any CPU
		{56BD5D16-6BD7-413D-857B-3634ACD6E131}.Release|Any CPU.Build.0 = Debug|Any CPU
		{DDE06CD1-E338-4F24-9EE1-5882EC8BFF45}.Debug|Any CPU.ActiveCfg = Debug|Any CPU
		{DDE06CD1-E338-4F24-9EE1-5882EC8BFF45}.Debug|Any CPU.Build.0 = Debug|Any CPU
		{DDE06CD1-E338-4F24-9EE1-5882EC8BFF45}.Release|Any CPU.ActiveCfg = Debug|Any CPU
		{DDE06CD1-E338-4F24-9EE1-5882EC8BFF45}.Release|Any CPU.Build.0 = Debug|Any CPU
		{5854856C-1DDA-4A7F-A0A9-A78E28C202FC}.Debug|Any CPU.ActiveCfg = Debug|Any CPU
		{5854856C-1DDA-4A7F-A0A9-A78E28C202FC}.Debug|Any CPU.Build.0 = Debug|Any CPU
		{5854856C-1DDA-4A7F-A0A9-A78E28C202FC}.Release|Any CPU.ActiveCfg = Release|Any CPU
		{5854856C-1DDA-4A7F-A0A9-A78E28C202FC}.Release|Any CPU.Build.0 = Release|Any CPU
		{1ABA1700-92E4-4E7C-A94B-AFF1EBDE09A2}.Debug|Any CPU.ActiveCfg = Debug|Any CPU
		{1ABA1700-92E4-4E7C-A94B-AFF1EBDE09A2}.Debug|Any CPU.Build.0 = Debug|Any CPU
		{1ABA1700-92E4-4E7C-A94B-AFF1EBDE09A2}.Release|Any CPU.ActiveCfg = Release|Any CPU
		{1ABA1700-92E4-4E7C-A94B-AFF1EBDE09A2}.Release|Any CPU.Build.0 = Release|Any CPU
		{1590904C-A5B4-430D-A3D7-4F0DD0112208}.Debug|Any CPU.ActiveCfg = Debug|Any CPU
		{1590904C-A5B4-430D-A3D7-4F0DD0112208}.Debug|Any CPU.Build.0 = Debug|Any CPU
		{1590904C-A5B4-430D-A3D7-4F0DD0112208}.Release|Any CPU.ActiveCfg = Release|Any CPU
		{1590904C-A5B4-430D-A3D7-4F0DD0112208}.Release|Any CPU.Build.0 = Release|Any CPU
		{D56CC769-5C25-458F-87F7-52DA26D4EB51}.Debug|Any CPU.ActiveCfg = Debug|Any CPU
		{D56CC769-5C25-458F-87F7-52DA26D4EB51}.Debug|Any CPU.Build.0 = Debug|Any CPU
		{D56CC769-5C25-458F-87F7-52DA26D4EB51}.Release|Any CPU.ActiveCfg = Release|Any CPU
		{D56CC769-5C25-458F-87F7-52DA26D4EB51}.Release|Any CPU.Build.0 = Release|Any CPU
		{C964CCB3-4DF7-448A-9479-1837A6C6920E}.Debug|Any CPU.ActiveCfg = Debug|Any CPU
		{C964CCB3-4DF7-448A-9479-1837A6C6920E}.Debug|Any CPU.Build.0 = Debug|Any CPU
		{C964CCB3-4DF7-448A-9479-1837A6C6920E}.Release|Any CPU.ActiveCfg = Release|Any CPU
		{C964CCB3-4DF7-448A-9479-1837A6C6920E}.Release|Any CPU.Build.0 = Release|Any CPU
		{1437B23C-891B-4B51-BB6C-04E27B880505}.Debug|Any CPU.ActiveCfg = Debug|Any CPU
		{1437B23C-891B-4B51-BB6C-04E27B880505}.Debug|Any CPU.Build.0 = Debug|Any CPU
		{1437B23C-891B-4B51-BB6C-04E27B880505}.Release|Any CPU.ActiveCfg = Release|Any CPU
		{1437B23C-891B-4B51-BB6C-04E27B880505}.Release|Any CPU.Build.0 = Release|Any CPU
		{A2B17BD8-FC40-4DBD-9190-BAC6D967018D}.Debug|Any CPU.ActiveCfg = Debug|Any CPU
		{A2B17BD8-FC40-4DBD-9190-BAC6D967018D}.Debug|Any CPU.Build.0 = Debug|Any CPU
		{A2B17BD8-FC40-4DBD-9190-BAC6D967018D}.Release|Any CPU.ActiveCfg = Release|Any CPU
		{A2B17BD8-FC40-4DBD-9190-BAC6D967018D}.Release|Any CPU.Build.0 = Release|Any CPU
		{2D820E88-7DC7-4B0E-AA56-34E9CF4462AA}.Debug|Any CPU.ActiveCfg = Debug|Any CPU
		{2D820E88-7DC7-4B0E-AA56-34E9CF4462AA}.Debug|Any CPU.Build.0 = Debug|Any CPU
		{2D820E88-7DC7-4B0E-AA56-34E9CF4462AA}.Release|Any CPU.ActiveCfg = Release|Any CPU
		{2D820E88-7DC7-4B0E-AA56-34E9CF4462AA}.Release|Any CPU.Build.0 = Release|Any CPU
		{9D0F235B-BF4C-48FA-B04E-8C709384A474}.Debug|Any CPU.ActiveCfg = Debug|Any CPU
		{9D0F235B-BF4C-48FA-B04E-8C709384A474}.Debug|Any CPU.Build.0 = Debug|Any CPU
		{9D0F235B-BF4C-48FA-B04E-8C709384A474}.Release|Any CPU.ActiveCfg = Release|Any CPU
		{9D0F235B-BF4C-48FA-B04E-8C709384A474}.Release|Any CPU.Build.0 = Release|Any CPU
		{02444FDC-B6FF-43F4-8224-04828B5FA7DD}.Debug|Any CPU.ActiveCfg = Debug|Any CPU
		{02444FDC-B6FF-43F4-8224-04828B5FA7DD}.Debug|Any CPU.Build.0 = Debug|Any CPU
		{02444FDC-B6FF-43F4-8224-04828B5FA7DD}.Release|Any CPU.ActiveCfg = Release|Any CPU
		{02444FDC-B6FF-43F4-8224-04828B5FA7DD}.Release|Any CPU.Build.0 = Release|Any CPU
		{ABF075F4-3ADF-403C-9ACA-421DC61FDEDA}.Debug|Any CPU.ActiveCfg = Debug|Any CPU
		{ABF075F4-3ADF-403C-9ACA-421DC61FDEDA}.Debug|Any CPU.Build.0 = Debug|Any CPU
		{ABF075F4-3ADF-403C-9ACA-421DC61FDEDA}.Release|Any CPU.ActiveCfg = Debug|Any CPU
		{ABF075F4-3ADF-403C-9ACA-421DC61FDEDA}.Release|Any CPU.Build.0 = Debug|Any CPU
		{28748F35-8CD3-49A8-92D9-D0C61594BE4C}.Debug|Any CPU.ActiveCfg = Debug|Any CPU
		{28748F35-8CD3-49A8-92D9-D0C61594BE4C}.Debug|Any CPU.Build.0 = Debug|Any CPU
		{28748F35-8CD3-49A8-92D9-D0C61594BE4C}.Release|Any CPU.ActiveCfg = Release|Any CPU
		{28748F35-8CD3-49A8-92D9-D0C61594BE4C}.Release|Any CPU.Build.0 = Release|Any CPU
		{AB578E69-249B-42EF-8B61-A7284CB05B62}.Debug|Any CPU.ActiveCfg = Debug|Any CPU
		{AB578E69-249B-42EF-8B61-A7284CB05B62}.Debug|Any CPU.Build.0 = Debug|Any CPU
		{AB578E69-249B-42EF-8B61-A7284CB05B62}.Release|Any CPU.ActiveCfg = Release|Any CPU
		{AB578E69-249B-42EF-8B61-A7284CB05B62}.Release|Any CPU.Build.0 = Release|Any CPU
		{20570EEB-FDF9-405D-AA90-5DA5F9E4F21A}.Debug|Any CPU.ActiveCfg = Debug|Any CPU
		{20570EEB-FDF9-405D-AA90-5DA5F9E4F21A}.Debug|Any CPU.Build.0 = Debug|Any CPU
		{20570EEB-FDF9-405D-AA90-5DA5F9E4F21A}.Release|Any CPU.ActiveCfg = Release|Any CPU
		{20570EEB-FDF9-405D-AA90-5DA5F9E4F21A}.Release|Any CPU.Build.0 = Release|Any CPU
		{7E6D2B49-F56E-4519-9F35-66951D8FD0B9}.Debug|Any CPU.ActiveCfg = Debug|Any CPU
		{7E6D2B49-F56E-4519-9F35-66951D8FD0B9}.Debug|Any CPU.Build.0 = Debug|Any CPU
		{7E6D2B49-F56E-4519-9F35-66951D8FD0B9}.Release|Any CPU.ActiveCfg = Release|Any CPU
		{7E6D2B49-F56E-4519-9F35-66951D8FD0B9}.Release|Any CPU.Build.0 = Release|Any CPU
		{1036D845-9D6C-469D-A4F9-6F94ED270956}.Debug|Any CPU.ActiveCfg = Debug|Any CPU
		{1036D845-9D6C-469D-A4F9-6F94ED270956}.Debug|Any CPU.Build.0 = Debug|Any CPU
		{1036D845-9D6C-469D-A4F9-6F94ED270956}.Release|Any CPU.ActiveCfg = Release|Any CPU
		{1036D845-9D6C-469D-A4F9-6F94ED270956}.Release|Any CPU.Build.0 = Release|Any CPU
		{D8E02ABE-9633-4A45-9842-9A76DD60A3B2}.Debug|Any CPU.ActiveCfg = Debug|Any CPU
		{D8E02ABE-9633-4A45-9842-9A76DD60A3B2}.Debug|Any CPU.Build.0 = Debug|Any CPU
		{D8E02ABE-9633-4A45-9842-9A76DD60A3B2}.Release|Any CPU.ActiveCfg = Release|Any CPU
		{D8E02ABE-9633-4A45-9842-9A76DD60A3B2}.Release|Any CPU.Build.0 = Release|Any CPU
		{9B540FD5-F642-40AA-ABB1-9CAC988A2680}.Debug|Any CPU.ActiveCfg = Debug|Any CPU
		{9B540FD5-F642-40AA-ABB1-9CAC988A2680}.Debug|Any CPU.Build.0 = Debug|Any CPU
		{9B540FD5-F642-40AA-ABB1-9CAC988A2680}.Release|Any CPU.ActiveCfg = Debug|Any CPU
		{9B540FD5-F642-40AA-ABB1-9CAC988A2680}.Release|Any CPU.Build.0 = Debug|Any CPU
		{7C6BB0B3-CE5D-44C9-BE6C-102EF5259E62}.Debug|Any CPU.ActiveCfg = Debug
		{7C6BB0B3-CE5D-44C9-BE6C-102EF5259E62}.Release|Any CPU.ActiveCfg = Release
		{1FFD608E-5683-4BD2-9647-9856CD846F89}.Debug|Any CPU.ActiveCfg = Debug|Any CPU
		{1FFD608E-5683-4BD2-9647-9856CD846F89}.Debug|Any CPU.Build.0 = Debug|Any CPU
		{1FFD608E-5683-4BD2-9647-9856CD846F89}.Release|Any CPU.ActiveCfg = Release|Any CPU
		{1FFD608E-5683-4BD2-9647-9856CD846F89}.Release|Any CPU.Build.0 = Release|Any CPU
		{2A86233A-2988-4E82-A6BE-FA7B027EABB7}.Debug|Any CPU.ActiveCfg = Debug|Any CPU
		{2A86233A-2988-4E82-A6BE-FA7B027EABB7}.Debug|Any CPU.Build.0 = Debug|Any CPU
		{2A86233A-2988-4E82-A6BE-FA7B027EABB7}.Release|Any CPU.ActiveCfg = Release|Any CPU
		{2A86233A-2988-4E82-A6BE-FA7B027EABB7}.Release|Any CPU.Build.0 = Release|Any CPU
		{0D8292A2-D9DF-4CF1-A117-35332E86C925}.Debug|Any CPU.ActiveCfg = Debug|Any CPU
		{0D8292A2-D9DF-4CF1-A117-35332E86C925}.Debug|Any CPU.Build.0 = Debug|Any CPU
		{0D8292A2-D9DF-4CF1-A117-35332E86C925}.Release|Any CPU.ActiveCfg = Release|Any CPU
		{0D8292A2-D9DF-4CF1-A117-35332E86C925}.Release|Any CPU.Build.0 = Release|Any CPU
		{BC2EA814-DEFA-4D11-A4E4-BC66EB5F634E}.Debug|Any CPU.ActiveCfg = Debug|Any CPU
		{BC2EA814-DEFA-4D11-A4E4-BC66EB5F634E}.Debug|Any CPU.Build.0 = Debug|Any CPU
		{BC2EA814-DEFA-4D11-A4E4-BC66EB5F634E}.Release|Any CPU.ActiveCfg = Release|Any CPU
		{BC2EA814-DEFA-4D11-A4E4-BC66EB5F634E}.Release|Any CPU.Build.0 = Release|Any CPU
		{5E269798-259E-4C53-9D72-391702617A10}.Debug|Any CPU.ActiveCfg = Debug|Any CPU
		{5E269798-259E-4C53-9D72-391702617A10}.Debug|Any CPU.Build.0 = Debug|Any CPU
		{5E269798-259E-4C53-9D72-391702617A10}.Release|Any CPU.ActiveCfg = Release|Any CPU
		{5E269798-259E-4C53-9D72-391702617A10}.Release|Any CPU.Build.0 = Release|Any CPU
		{0CDAE59F-D5DF-4E98-B19A-5308C724FBFE}.Debug|Any CPU.ActiveCfg = Debug|Any CPU
		{0CDAE59F-D5DF-4E98-B19A-5308C724FBFE}.Debug|Any CPU.Build.0 = Debug|Any CPU
		{0CDAE59F-D5DF-4E98-B19A-5308C724FBFE}.Release|Any CPU.ActiveCfg = Release|Any CPU
		{0CDAE59F-D5DF-4E98-B19A-5308C724FBFE}.Release|Any CPU.Build.0 = Release|Any CPU
		{061D3568-DF89-43F1-BC68-E361B228E002}.Debug|Any CPU.ActiveCfg = Debug|Any CPU
		{061D3568-DF89-43F1-BC68-E361B228E002}.Debug|Any CPU.Build.0 = Debug|Any CPU
		{061D3568-DF89-43F1-BC68-E361B228E002}.Release|Any CPU.ActiveCfg = Release|Any CPU
		{061D3568-DF89-43F1-BC68-E361B228E002}.Release|Any CPU.Build.0 = Release|Any CPU
		{5AE9E79C-A7EA-4A7F-8567-3FB194C1EE11}.Debug|Any CPU.ActiveCfg = Debug|Any CPU
		{5AE9E79C-A7EA-4A7F-8567-3FB194C1EE11}.Debug|Any CPU.Build.0 = Debug|Any CPU
		{5AE9E79C-A7EA-4A7F-8567-3FB194C1EE11}.Release|Any CPU.ActiveCfg = Release|Any CPU
		{5AE9E79C-A7EA-4A7F-8567-3FB194C1EE11}.Release|Any CPU.Build.0 = Release|Any CPU
		{B9E650D6-E4E6-4C6B-871F-1587CE968D10}.Debug|Any CPU.ActiveCfg = Debug|Any CPU
		{B9E650D6-E4E6-4C6B-871F-1587CE968D10}.Debug|Any CPU.Build.0 = Debug|Any CPU
		{B9E650D6-E4E6-4C6B-871F-1587CE968D10}.Release|Any CPU.ActiveCfg = Release|Any CPU
		{B9E650D6-E4E6-4C6B-871F-1587CE968D10}.Release|Any CPU.Build.0 = Release|Any CPU
		{2E071013-0C00-4157-8FF0-A2DFB815A6E6}.Debug|Any CPU.ActiveCfg = Debug|Any CPU
		{2E071013-0C00-4157-8FF0-A2DFB815A6E6}.Debug|Any CPU.Build.0 = Debug|Any CPU
		{2E071013-0C00-4157-8FF0-A2DFB815A6E6}.Release|Any CPU.ActiveCfg = Release|Any CPU
		{2E071013-0C00-4157-8FF0-A2DFB815A6E6}.Release|Any CPU.Build.0 = Release|Any CPU
		{2AB6A321-B78D-48AC-815F-CFC148591EA7}.Debug|Any CPU.ActiveCfg = Debug|Any CPU
		{2AB6A321-B78D-48AC-815F-CFC148591EA7}.Debug|Any CPU.Build.0 = Debug|Any CPU
		{2AB6A321-B78D-48AC-815F-CFC148591EA7}.Release|Any CPU.ActiveCfg = Release|Any CPU
		{2AB6A321-B78D-48AC-815F-CFC148591EA7}.Release|Any CPU.Build.0 = Release|Any CPU
		{48853133-221C-4E66-A4E1-212661404BAC}.Debug|Any CPU.ActiveCfg = Debug|Any CPU
		{48853133-221C-4E66-A4E1-212661404BAC}.Debug|Any CPU.Build.0 = Debug|Any CPU
		{48853133-221C-4E66-A4E1-212661404BAC}.Release|Any CPU.ActiveCfg = Release|Any CPU
		{48853133-221C-4E66-A4E1-212661404BAC}.Release|Any CPU.Build.0 = Release|Any CPU
		{71D8528E-BC44-4A79-9756-01A5BED53034}.Debug|Any CPU.ActiveCfg = Debug|Any CPU
		{71D8528E-BC44-4A79-9756-01A5BED53034}.Debug|Any CPU.Build.0 = Debug|Any CPU
		{71D8528E-BC44-4A79-9756-01A5BED53034}.Release|Any CPU.ActiveCfg = Release|Any CPU
		{71D8528E-BC44-4A79-9756-01A5BED53034}.Release|Any CPU.Build.0 = Release|Any CPU
		{4890755B-F915-483C-BE7A-A12AF1F3D238}.Debug|Any CPU.ActiveCfg = Debug|Any CPU
		{4890755B-F915-483C-BE7A-A12AF1F3D238}.Debug|Any CPU.Build.0 = Debug|Any CPU
		{4890755B-F915-483C-BE7A-A12AF1F3D238}.Release|Any CPU.ActiveCfg = Release|Any CPU
		{4890755B-F915-483C-BE7A-A12AF1F3D238}.Release|Any CPU.Build.0 = Release|Any CPU
		{77A1B42E-3DBF-4110-8B3C-9731AFFAF3DA}.Debug|Any CPU.ActiveCfg = Debug|Any CPU
		{77A1B42E-3DBF-4110-8B3C-9731AFFAF3DA}.Debug|Any CPU.Build.0 = Debug|Any CPU
		{77A1B42E-3DBF-4110-8B3C-9731AFFAF3DA}.Release|Any CPU.ActiveCfg = Debug|Any CPU
		{77A1B42E-3DBF-4110-8B3C-9731AFFAF3DA}.Release|Any CPU.Build.0 = Debug|Any CPU
		{9D5A57CB-EB1D-4A02-A47F-37D9106ED34B}.Debug|Any CPU.ActiveCfg = Debug|Any CPU
		{9D5A57CB-EB1D-4A02-A47F-37D9106ED34B}.Debug|Any CPU.Build.0 = Debug|Any CPU
		{9D5A57CB-EB1D-4A02-A47F-37D9106ED34B}.Release|Any CPU.ActiveCfg = Release|Any CPU
		{9D5A57CB-EB1D-4A02-A47F-37D9106ED34B}.Release|Any CPU.Build.0 = Release|Any CPU
		{66D8FF1E-A384-4E47-ADA7-92BA5DFF19EA}.Debug|Any CPU.ActiveCfg = Debug|Any CPU
		{66D8FF1E-A384-4E47-ADA7-92BA5DFF19EA}.Debug|Any CPU.Build.0 = Debug|Any CPU
		{66D8FF1E-A384-4E47-ADA7-92BA5DFF19EA}.Release|Any CPU.ActiveCfg = Release|Any CPU
		{66D8FF1E-A384-4E47-ADA7-92BA5DFF19EA}.Release|Any CPU.Build.0 = Release|Any CPU
	EndGlobalSection
	GlobalSection(SolutionProperties) = preSolution
		HideSolutionNode = FALSE
	EndGlobalSection
	GlobalSection(NestedProjects) = preSolution
		{56BD5D16-6BD7-413D-857B-3634ACD6E131} = {E9431944-661F-4CCC-A14D-848EEF0F05B2}
		{DDE06CD1-E338-4F24-9EE1-5882EC8BFF45} = {E9431944-661F-4CCC-A14D-848EEF0F05B2}
		{5854856C-1DDA-4A7F-A0A9-A78E28C202FC} = {E9431944-661F-4CCC-A14D-848EEF0F05B2}
		{1ABA1700-92E4-4E7C-A94B-AFF1EBDE09A2} = {E9431944-661F-4CCC-A14D-848EEF0F05B2}
		{1590904C-A5B4-430D-A3D7-4F0DD0112208} = {E9431944-661F-4CCC-A14D-848EEF0F05B2}
		{D56CC769-5C25-458F-87F7-52DA26D4EB51} = {E9431944-661F-4CCC-A14D-848EEF0F05B2}
		{C964CCB3-4DF7-448A-9479-1837A6C6920E} = {E9431944-661F-4CCC-A14D-848EEF0F05B2}
		{1437B23C-891B-4B51-BB6C-04E27B880505} = {E9431944-661F-4CCC-A14D-848EEF0F05B2}
		{A2B17BD8-FC40-4DBD-9190-BAC6D967018D} = {E9431944-661F-4CCC-A14D-848EEF0F05B2}
		{2D820E88-7DC7-4B0E-AA56-34E9CF4462AA} = {E9431944-661F-4CCC-A14D-848EEF0F05B2}
		{4AD1431B-4FD9-4721-9870-9312A650119F} = {E9431944-661F-4CCC-A14D-848EEF0F05B2}
		{28748F35-8CD3-49A8-92D9-D0C61594BE4C} = {E9431944-661F-4CCC-A14D-848EEF0F05B2}
		{AB578E69-249B-42EF-8B61-A7284CB05B62} = {E9431944-661F-4CCC-A14D-848EEF0F05B2}
		{FC15441D-9014-4A79-9F83-7AC8D1BD1334} = {E9431944-661F-4CCC-A14D-848EEF0F05B2}
		{1036D845-9D6C-469D-A4F9-6F94ED270956} = {E9431944-661F-4CCC-A14D-848EEF0F05B2}
		{D8E02ABE-9633-4A45-9842-9A76DD60A3B2} = {E9431944-661F-4CCC-A14D-848EEF0F05B2}
		{0C7792AF-9E82-4BEB-B38A-360C4A59FCE4} = {E9431944-661F-4CCC-A14D-848EEF0F05B2}
		{4906F0EC-F8EA-4BFC-A389-8F7FC533E389} = {E9431944-661F-4CCC-A14D-848EEF0F05B2}
		{51D7B105-C043-4CCB-BE07-B314F0157184} = {E9431944-661F-4CCC-A14D-848EEF0F05B2}
		{5AE9E79C-A7EA-4A7F-8567-3FB194C1EE11} = {E9431944-661F-4CCC-A14D-848EEF0F05B2}
		{B9E650D6-E4E6-4C6B-871F-1587CE968D10} = {E9431944-661F-4CCC-A14D-848EEF0F05B2}
		{8C160CA4-F9F5-404A-961F-B9C416C4AA17} = {E9431944-661F-4CCC-A14D-848EEF0F05B2}
		{A3409C7B-0CDC-4B8E-B0C9-EABBA5897269} = {E9431944-661F-4CCC-A14D-848EEF0F05B2}
		{3F457149-5CA2-427E-973E-AB9DA223DC8D} = {E9431944-661F-4CCC-A14D-848EEF0F05B2}
		{9D5A57CB-EB1D-4A02-A47F-37D9106ED34B} = {E9431944-661F-4CCC-A14D-848EEF0F05B2}
		{9D0F235B-BF4C-48FA-B04E-8C709384A474} = {C20BF0CA-0363-4327-B407-A0BEAAEEC268}
		{0D8292A2-D9DF-4CF1-A117-35332E86C925} = {C20BF0CA-0363-4327-B407-A0BEAAEEC268}
		{BC2EA814-DEFA-4D11-A4E4-BC66EB5F634E} = {C20BF0CA-0363-4327-B407-A0BEAAEEC268}
		{66D8FF1E-A384-4E47-ADA7-92BA5DFF19EA} = {C20BF0CA-0363-4327-B407-A0BEAAEEC268}
		{02444FDC-B6FF-43F4-8224-04828B5FA7DD} = {4AD1431B-4FD9-4721-9870-9312A650119F}
		{ABF075F4-3ADF-403C-9ACA-421DC61FDEDA} = {4AD1431B-4FD9-4721-9870-9312A650119F}
		{20570EEB-FDF9-405D-AA90-5DA5F9E4F21A} = {FC15441D-9014-4A79-9F83-7AC8D1BD1334}
		{7E6D2B49-F56E-4519-9F35-66951D8FD0B9} = {FC15441D-9014-4A79-9F83-7AC8D1BD1334}
		{9B540FD5-F642-40AA-ABB1-9CAC988A2680} = {0C7792AF-9E82-4BEB-B38A-360C4A59FCE4}
		{7C6BB0B3-CE5D-44C9-BE6C-102EF5259E62} = {0C7792AF-9E82-4BEB-B38A-360C4A59FCE4}
		{1FFD608E-5683-4BD2-9647-9856CD846F89} = {4906F0EC-F8EA-4BFC-A389-8F7FC533E389}
		{2A86233A-2988-4E82-A6BE-FA7B027EABB7} = {51D7B105-C043-4CCB-BE07-B314F0157184}
		{5E269798-259E-4C53-9D72-391702617A10} = {51D7B105-C043-4CCB-BE07-B314F0157184}
		{0CDAE59F-D5DF-4E98-B19A-5308C724FBFE} = {51D7B105-C043-4CCB-BE07-B314F0157184}
		{061D3568-DF89-43F1-BC68-E361B228E002} = {51D7B105-C043-4CCB-BE07-B314F0157184}
		{2E071013-0C00-4157-8FF0-A2DFB815A6E6} = {8C160CA4-F9F5-404A-961F-B9C416C4AA17}
		{2AB6A321-B78D-48AC-815F-CFC148591EA7} = {8C160CA4-F9F5-404A-961F-B9C416C4AA17}
		{48853133-221C-4E66-A4E1-212661404BAC} = {A3409C7B-0CDC-4B8E-B0C9-EABBA5897269}
		{71D8528E-BC44-4A79-9756-01A5BED53034} = {A3409C7B-0CDC-4B8E-B0C9-EABBA5897269}
		{4890755B-F915-483C-BE7A-A12AF1F3D238} = {3F457149-5CA2-427E-973E-AB9DA223DC8D}
		{77A1B42E-3DBF-4110-8B3C-9731AFFAF3DA} = {3F457149-5CA2-427E-973E-AB9DA223DC8D}
	EndGlobalSection
EndGlobal
